
Microsoft Visual Studio Solution File, Format Version 12.00
# Visual Studio Version 16
VisualStudioVersion = 16.0.33423.256
MinimumVisualStudioVersion = 10.0.40219.1
Project("{FAE04EC0-301F-11D3-BF4B-00C04F79EFBC}") = "WinformStudy", "WinformStudy.csproj", "{F88D6D86-ABDE-4437-875B-B943A3716D36}"
EndProject
Global
	GlobalSection(SolutionConfigurationPlatforms) = preSolution
		Debug|Any CPU = Debug|Any CPU
		Release|Any CPU = Release|Any CPU
	EndGlobalSection
	GlobalSection(ProjectConfigurationPlatforms) = postSolution
		{F88D6D86-ABDE-4437-875B-B943A3716D36}.Debug|Any CPU.ActiveCfg = Debug|Any CPU
		{F88D6D86-ABDE-4437-875B-B943A3716D36}.Debug|Any CPU.Build.0 = Debug|Any CPU
		{F88D6D86-ABDE-4437-875B-B943A3716D36}.Release|Any CPU.ActiveCfg = Release|Any CPU
		{F88D6D86-ABDE-4437-875B-B943A3716D36}.Release|Any CPU.Build.0 = Release|Any CPU
	EndGlobalSection
	GlobalSection(SolutionProperties) = preSolution
		HideSolutionNode = FALSE
	EndGlobalSection
	GlobalSection(ExtensibilityGlobals) = postSolution
		SolutionGuid = {EF724832-2A15-4E9B-954F-C01EBF7AF2A7}
	EndGlobalSection
EndGlobal
