<?xml version="1.0" encoding="utf-8"?>
<Project ToolsVersion="4.0" xmlns="http://schemas.microsoft.com/developer/msbuild/2003">
  <ItemGroup>
    <ClCompile Include="Thread.ixx">
      <Filter>Lang</Filter>
    </ClCompile>
    <ClCompile Include="Lang.ixx">
      <Filter>Lang</Filter>
    </ClCompile>
    <ClCompile Include="Util.ixx">
      <Filter>Util</Filter>
    </ClCompile>
    <ClCompile Include="Acceptor.ixx">
      <Filter>Iocp</Filter>
    </ClCompile>
    <ClCompile Include="Entry.ixx">
      <Filter>Iocp</Filter>
    </ClCompile>
    <ClCompile Include="SocketUtils.ixx">
      <Filter>Net</Filter>
    </ClCompile>
    <ClCompile Include="Net.ixx">
      <Filter>Net</Filter>
    </ClCompile>
    <ClCompile Include="NetAddress.ixx">
      <Filter>Net</Filter>
    </ClCompile>
  </ItemGroup>
  <ItemGroup>
    <Filter Include="Lang">
      <UniqueIdentifier>{2418e361-7d3c-4e1a-83f6-a520d729adbc}</UniqueIdentifier>
    </Filter>
    <Filter Include="Util">
      <UniqueIdentifier>{3ca66865-de1b-46ea-839f-635b3b2f25ca}</UniqueIdentifier>
    </Filter>
    <Filter Include="Iocp">
      <UniqueIdentifier>{ac577097-5045-4919-adbc-56b3b654dbf8}</UniqueIdentifier>
    </Filter>
    <Filter Include="Net">
      <UniqueIdentifier>{8904f76e-9377-418b-afd2-c2f87d4e9b5f}</UniqueIdentifier>
    </Filter>
  </ItemGroup>
</Project>